// !$*UTF8*$!
{
	archiveVersion = 1;
	classes = {
	};
	objectVersion = 46;
	objects = {

/* Begin PBXBuildFile section */
		4B262E9C1EA74B2F0098F68F /* main.m in Sources */ = {isa = PBXBuildFile; fileRef = 4B262E9B1EA74B2F0098F68F /* main.m */; };
		4B262E9F1EA74B2F0098F68F /* AppDelegate.m in Sources */ = {isa = PBXBuildFile; fileRef = 4B262E9E1EA74B2F0098F68F /* AppDelegate.m */; };
		4B262EA21EA74B2F0098F68F /* ViewController.m in Sources */ = {isa = PBXBuildFile; fileRef = 4B262EA11EA74B2F0098F68F /* ViewController.m */; };
		4B262EA51EA74B2F0098F68F /* Main.storyboard in Resources */ = {isa = PBXBuildFile; fileRef = 4B262EA31EA74B2F0098F68F /* Main.storyboard */; };
		4B262EA71EA74B2F0098F68F /* Assets.xcassets in Resources */ = {isa = PBXBuildFile; fileRef = 4B262EA61EA74B2F0098F68F /* Assets.xcassets */; };
		4B262EAA1EA74B2F0098F68F /* LaunchScreen.storyboard in Resources */ = {isa = PBXBuildFile; fileRef = 4B262EA81EA74B2F0098F68F /* LaunchScreen.storyboard */; };
		4B262EB51EA74B2F0098F68F /* CloudExampleProjectTests.m in Sources */ = {isa = PBXBuildFile; fileRef = 4B262EB41EA74B2F0098F68F /* CloudExampleProjectTests.m */; };
		4B262EC01EA74B2F0098F68F /* CloudExampleProjectUITests.m in Sources */ = {isa = PBXBuildFile; fileRef = 4B262EBF1EA74B2F0098F68F /* CloudExampleProjectUITests.m */; };
		4B262ECF1EA74BAF0098F68F /* SendItemView.m in Sources */ = {isa = PBXBuildFile; fileRef = 4B262ECD1EA74BAF0098F68F /* SendItemView.m */; };
/* End PBXBuildFile section */

/* Begin PBXContainerItemProxy section */
		4B262EB11EA74B2F0098F68F /* PBXContainerItemProxy */ = {
			isa = PBXContainerItemProxy;
			containerPortal = 4B262E8F1EA74B2F0098F68F /* Project object */;
			proxyType = 1;
			remoteGlobalIDString = 4B262E961EA74B2F0098F68F;
			remoteInfo = CloudExampleProject;
		};
		4B262EBC1EA74B2F0098F68F /* PBXContainerItemProxy */ = {
			isa = PBXContainerItemProxy;
			containerPortal = 4B262E8F1EA74B2F0098F68F /* Project object */;
			proxyType = 1;
			remoteGlobalIDString = 4B262E961EA74B2F0098F68F;
			remoteInfo = CloudExampleProject;
		};
/* End PBXContainerItemProxy section */

/* Begin PBXFileReference section */
		4B262E971EA74B2F0098F68F /* CloudExampleProject.app */ = {isa = PBXFileReference; explicitFileType = wrapper.application; includeInIndex = 0; path = CloudExampleProject.app; sourceTree = BUILT_PRODUCTS_DIR; };
		4B262E9B1EA74B2F0098F68F /* main.m */ = {isa = PBXFileReference; lastKnownFileType = sourcecode.c.objc; path = main.m; sourceTree = "<group>"; };
		4B262E9D1EA74B2F0098F68F /* AppDelegate.h */ = {isa = PBXFileReference; lastKnownFileType = sourcecode.c.h; path = AppDelegate.h; sourceTree = "<group>"; };
		4B262E9E1EA74B2F0098F68F /* AppDelegate.m */ = {isa = PBXFileReference; lastKnownFileType = sourcecode.c.objc; path = AppDelegate.m; sourceTree = "<group>"; };
		4B262EA01EA74B2F0098F68F /* ViewController.h */ = {isa = PBXFileReference; lastKnownFileType = sourcecode.c.h; path = ViewController.h; sourceTree = "<group>"; };
		4B262EA11EA74B2F0098F68F /* ViewController.m */ = {isa = PBXFileReference; lastKnownFileType = sourcecode.c.objc; path = ViewController.m; sourceTree = "<group>"; };
		4B262EA41EA74B2F0098F68F /* Base */ = {isa = PBXFileReference; lastKnownFileType = file.storyboard; name = Base; path = Base.lproj/Main.storyboard; sourceTree = "<group>"; };
		4B262EA61EA74B2F0098F68F /* Assets.xcassets */ = {isa = PBXFileReference; lastKnownFileType = folder.assetcatalog; path = Assets.xcassets; sourceTree = "<group>"; };
		4B262EA91EA74B2F0098F68F /* Base */ = {isa = PBXFileReference; lastKnownFileType = file.storyboard; name = Base; path = Base.lproj/LaunchScreen.storyboard; sourceTree = "<group>"; };
		4B262EAB1EA74B2F0098F68F /* Info.plist */ = {isa = PBXFileReference; lastKnownFileType = text.plist.xml; path = Info.plist; sourceTree = "<group>"; };
		4B262EB01EA74B2F0098F68F /* CloudExampleProjectTests.xctest */ = {isa = PBXFileReference; explicitFileType = wrapper.cfbundle; includeInIndex = 0; path = CloudExampleProjectTests.xctest; sourceTree = BUILT_PRODUCTS_DIR; };
		4B262EB41EA74B2F0098F68F /* CloudExampleProjectTests.m */ = {isa = PBXFileReference; lastKnownFileType = sourcecode.c.objc; path = CloudExampleProjectTests.m; sourceTree = "<group>"; };
		4B262EB61EA74B2F0098F68F /* Info.plist */ = {isa = PBXFileReference; lastKnownFileType = text.plist.xml; path = Info.plist; sourceTree = "<group>"; };
		4B262EBB1EA74B2F0098F68F /* CloudExampleProjectUITests.xctest */ = {isa = PBXFileReference; explicitFileType = wrapper.cfbundle; includeInIndex = 0; path = CloudExampleProjectUITests.xctest; sourceTree = BUILT_PRODUCTS_DIR; };
		4B262EBF1EA74B2F0098F68F /* CloudExampleProjectUITests.m */ = {isa = PBXFileReference; lastKnownFileType = sourcecode.c.objc; path = CloudExampleProjectUITests.m; sourceTree = "<group>"; };
		4B262EC11EA74B2F0098F68F /* Info.plist */ = {isa = PBXFileReference; lastKnownFileType = text.plist.xml; path = Info.plist; sourceTree = "<group>"; };
		4B262ECD1EA74BAF0098F68F /* SendItemView.m */ = {isa = PBXFileReference; fileEncoding = 4; lastKnownFileType = sourcecode.c.objc; path = SendItemView.m; sourceTree = "<group>"; };
		4B262ECE1EA74BAF0098F68F /* SendItemView.h */ = {isa = PBXFileReference; fileEncoding = 4; lastKnownFileType = sourcecode.c.h; path = SendItemView.h; sourceTree = "<group>"; };
/* End PBXFileReference section */

/* Begin PBXFrameworksBuildPhase section */
		4B262E941EA74B2F0098F68F /* Frameworks */ = {
			isa = PBXFrameworksBuildPhase;
			buildActionMask = 2147483647;
			files = (
			);
			runOnlyForDeploymentPostprocessing = 0;
		};
		4B262EAD1EA74B2F0098F68F /* Frameworks */ = {
			isa = PBXFrameworksBuildPhase;
			buildActionMask = 2147483647;
			files = (
			);
			runOnlyForDeploymentPostprocessing = 0;
		};
		4B262EB81EA74B2F0098F68F /* Frameworks */ = {
			isa = PBXFrameworksBuildPhase;
			buildActionMask = 2147483647;
			files = (
			);
			runOnlyForDeploymentPostprocessing = 0;
		};
/* End PBXFrameworksBuildPhase section */

/* Begin PBXGroup section */
		4B262E8E1EA74B2F0098F68F = {
			isa = PBXGroup;
			children = (
				4B262E991EA74B2F0098F68F /* CloudExampleProject */,
				4B262EB31EA74B2F0098F68F /* CloudExampleProjectTests */,
				4B262EBE1EA74B2F0098F68F /* CloudExampleProjectUITests */,
				4B262E981EA74B2F0098F68F /* Products */,
			);
			sourceTree = "<group>";
		};
		4B262E981EA74B2F0098F68F /* Products */ = {
			isa = PBXGroup;
			children = (
				4B262E971EA74B2F0098F68F /* CloudExampleProject.app */,
				4B262EB01EA74B2F0098F68F /* CloudExampleProjectTests.xctest */,
				4B262EBB1EA74B2F0098F68F /* CloudExampleProjectUITests.xctest */,
			);
			name = Products;
			sourceTree = "<group>";
		};
		4B262E991EA74B2F0098F68F /* CloudExampleProject */ = {
			isa = PBXGroup;
			children = (
				4B262E9D1EA74B2F0098F68F /* AppDelegate.h */,
				4B262E9E1EA74B2F0098F68F /* AppDelegate.m */,
				4B262EA01EA74B2F0098F68F /* ViewController.h */,
				4B262EA11EA74B2F0098F68F /* ViewController.m */,
				4B262ECE1EA74BAF0098F68F /* SendItemView.h */,
				4B262ECD1EA74BAF0098F68F /* SendItemView.m */,
				4B262EA31EA74B2F0098F68F /* Main.storyboard */,
				4B262EA61EA74B2F0098F68F /* Assets.xcassets */,
				4B262EA81EA74B2F0098F68F /* LaunchScreen.storyboard */,
				4B262EAB1EA74B2F0098F68F /* Info.plist */,
				4B262E9A1EA74B2F0098F68F /* Supporting Files */,
			);
			path = CloudExampleProject;
			sourceTree = "<group>";
		};
		4B262E9A1EA74B2F0098F68F /* Supporting Files */ = {
			isa = PBXGroup;
			children = (
				4B262E9B1EA74B2F0098F68F /* main.m */,
			);
			name = "Supporting Files";
			sourceTree = "<group>";
		};
		4B262EB31EA74B2F0098F68F /* CloudExampleProjectTests */ = {
			isa = PBXGroup;
			children = (
				4B262EB41EA74B2F0098F68F /* CloudExampleProjectTests.m */,
				4B262EB61EA74B2F0098F68F /* Info.plist */,
			);
			path = CloudExampleProjectTests;
			sourceTree = "<group>";
		};
		4B262EBE1EA74B2F0098F68F /* CloudExampleProjectUITests */ = {
			isa = PBXGroup;
			children = (
				4B262EBF1EA74B2F0098F68F /* CloudExampleProjectUITests.m */,
				4B262EC11EA74B2F0098F68F /* Info.plist */,
			);
			path = CloudExampleProjectUITests;
			sourceTree = "<group>";
		};
/* End PBXGroup section */

/* Begin PBXNativeTarget section */
		4B262E961EA74B2F0098F68F /* CloudExampleProject */ = {
			isa = PBXNativeTarget;
			buildConfigurationList = 4B262EC41EA74B2F0098F68F /* Build configuration list for PBXNativeTarget "CloudExampleProject" */;
			buildPhases = (
				4B262E931EA74B2F0098F68F /* Sources */,
				4B262E941EA74B2F0098F68F /* Frameworks */,
				4B262E951EA74B2F0098F68F /* Resources */,
			);
			buildRules = (
			);
			dependencies = (
			);
			name = CloudExampleProject;
			productName = CloudExampleProject;
			productReference = 4B262E971EA74B2F0098F68F /* CloudExampleProject.app */;
			productType = "com.apple.product-type.application";
		};
		4B262EAF1EA74B2F0098F68F /* CloudExampleProjectTests */ = {
			isa = PBXNativeTarget;
			buildConfigurationList = 4B262EC71EA74B2F0098F68F /* Build configuration list for PBXNativeTarget "CloudExampleProjectTests" */;
			buildPhases = (
				4B262EAC1EA74B2F0098F68F /* Sources */,
				4B262EAD1EA74B2F0098F68F /* Frameworks */,
				4B262EAE1EA74B2F0098F68F /* Resources */,
			);
			buildRules = (
			);
			dependencies = (
				4B262EB21EA74B2F0098F68F /* PBXTargetDependency */,
			);
			name = CloudExampleProjectTests;
			productName = CloudExampleProjectTests;
			productReference = 4B262EB01EA74B2F0098F68F /* CloudExampleProjectTests.xctest */;
			productType = "com.apple.product-type.bundle.unit-test";
		};
		4B262EBA1EA74B2F0098F68F /* CloudExampleProjectUITests */ = {
			isa = PBXNativeTarget;
			buildConfigurationList = 4B262ECA1EA74B2F0098F68F /* Build configuration list for PBXNativeTarget "CloudExampleProjectUITests" */;
			buildPhases = (
				4B262EB71EA74B2F0098F68F /* Sources */,
				4B262EB81EA74B2F0098F68F /* Frameworks */,
				4B262EB91EA74B2F0098F68F /* Resources */,
			);
			buildRules = (
			);
			dependencies = (
				4B262EBD1EA74B2F0098F68F /* PBXTargetDependency */,
			);
			name = CloudExampleProjectUITests;
			productName = CloudExampleProjectUITests;
			productReference = 4B262EBB1EA74B2F0098F68F /* CloudExampleProjectUITests.xctest */;
			productType = "com.apple.product-type.bundle.ui-testing";
		};
/* End PBXNativeTarget section */

/* Begin PBXProject section */
		4B262E8F1EA74B2F0098F68F /* Project object */ = {
			isa = PBXProject;
			attributes = {
				LastUpgradeCheck = 0830;
				ORGANIZATIONNAME = "吴运根";
				TargetAttributes = {
					4B262E961EA74B2F0098F68F = {
						CreatedOnToolsVersion = 8.3.1;
						DevelopmentTeam = Y5LKNM9758;
						ProvisioningStyle = Automatic;
					};
					4B262EAF1EA74B2F0098F68F = {
						CreatedOnToolsVersion = 8.3.1;
						DevelopmentTeam = Y5LKNM9758;
						ProvisioningStyle = Automatic;
						TestTargetID = 4B262E961EA74B2F0098F68F;
					};
					4B262EBA1EA74B2F0098F68F = {
						CreatedOnToolsVersion = 8.3.1;
						DevelopmentTeam = Y5LKNM9758;
						ProvisioningStyle = Automatic;
						TestTargetID = 4B262E961EA74B2F0098F68F;
					};
				};
			};
			buildConfigurationList = 4B262E921EA74B2F0098F68F /* Build configuration list for PBXProject "CloudExampleProject" */;
			compatibilityVersion = "Xcode 3.2";
			developmentRegion = English;
			hasScannedForEncodings = 0;
			knownRegions = (
				en,
				Base,
			);
			mainGroup = 4B262E8E1EA74B2F0098F68F;
			productRefGroup = 4B262E981EA74B2F0098F68F /* Products */;
			projectDirPath = "";
			projectRoot = "";
			targets = (
				4B262E961EA74B2F0098F68F /* CloudExampleProject */,
				4B262EAF1EA74B2F0098F68F /* CloudExampleProjectTests */,
				4B262EBA1EA74B2F0098F68F /* CloudExampleProjectUITests */,
			);
		};
/* End PBXProject section */

/* Begin PBXResourcesBuildPhase section */
		4B262E951EA74B2F0098F68F /* Resources */ = {
			isa = PBXResourcesBuildPhase;
			buildActionMask = 2147483647;
			files = (
				4B262EAA1EA74B2F0098F68F /* LaunchScreen.storyboard in Resources */,
				4B262EA71EA74B2F0098F68F /* Assets.xcassets in Resources */,
				4B262EA51EA74B2F0098F68F /* Main.storyboard in Resources */,
			);
			runOnlyForDeploymentPostprocessing = 0;
		};
		4B262EAE1EA74B2F0098F68F /* Resources */ = {
			isa = PBXResourcesBuildPhase;
			buildActionMask = 2147483647;
			files = (
			);
			runOnlyForDeploymentPostprocessing = 0;
		};
		4B262EB91EA74B2F0098F68F /* Resources */ = {
			isa = PBXResourcesBuildPhase;
			buildActionMask = 2147483647;
			files = (
			);
			runOnlyForDeploymentPostprocessing = 0;
		};
/* End PBXResourcesBuildPhase section */

/* Begin PBXSourcesBuildPhase section */
		4B262E931EA74B2F0098F68F /* Sources */ = {
			isa = PBXSourcesBuildPhase;
			buildActionMask = 2147483647;
			files = (
				4B262EA21EA74B2F0098F68F /* ViewController.m in Sources */,
				4B262ECF1EA74BAF0098F68F /* SendItemView.m in Sources */,
				4B262E9F1EA74B2F0098F68F /* AppDelegate.m in Sources */,
				4B262E9C1EA74B2F0098F68F /* main.m in Sources */,
			);
			runOnlyForDeploymentPostprocessing = 0;
		};
		4B262EAC1EA74B2F0098F68F /* Sources */ = {
			isa = PBXSourcesBuildPhase;
			buildActionMask = 2147483647;
			files = (
				4B262EB51EA74B2F0098F68F /* CloudExampleProjectTests.m in Sources */,
			);
			runOnlyForDeploymentPostprocessing = 0;
		};
		4B262EB71EA74B2F0098F68F /* Sources */ = {
			isa = PBXSourcesBuildPhase;
			buildActionMask = 2147483647;
			files = (
				4B262EC01EA74B2F0098F68F /* CloudExampleProjectUITests.m in Sources */,
			);
			runOnlyForDeploymentPostprocessing = 0;
		};
/* End PBXSourcesBuildPhase section */

/* Begin PBXTargetDependency section */
		4B262EB21EA74B2F0098F68F /* PBXTargetDependency */ = {
			isa = PBXTargetDependency;
			target = 4B262E961EA74B2F0098F68F /* CloudExampleProject */;
			targetProxy = 4B262EB11EA74B2F0098F68F /* PBXContainerItemProxy */;
		};
		4B262EBD1EA74B2F0098F68F /* PBXTargetDependency */ = {
			isa = PBXTargetDependency;
			target = 4B262E961EA74B2F0098F68F /* CloudExampleProject */;
			targetProxy = 4B262EBC1EA74B2F0098F68F /* PBXContainerItemProxy */;
		};
/* End PBXTargetDependency section */

/* Begin PBXVariantGroup section */
		4B262EA31EA74B2F0098F68F /* Main.storyboard */ = {
			isa = PBXVariantGroup;
			children = (
				4B262EA41EA74B2F0098F68F /* Base */,
			);
			name = Main.storyboard;
			sourceTree = "<group>";
		};
		4B262EA81EA74B2F0098F68F /* LaunchScreen.storyboard */ = {
			isa = PBXVariantGroup;
			children = (
				4B262EA91EA74B2F0098F68F /* Base */,
			);
			name = LaunchScreen.storyboard;
			sourceTree = "<group>";
		};
/* End PBXVariantGroup section */

/* Begin XCBuildConfiguration section */
		4B262EC21EA74B2F0098F68F /* Debug */ = {
			isa = XCBuildConfiguration;
			buildSettings = {
				ALWAYS_SEARCH_USER_PATHS = NO;
				CLANG_ANALYZER_NONNULL = YES;
				CLANG_ANALYZER_NUMBER_OBJECT_CONVERSION = YES_AGGRESSIVE;
				CLANG_CXX_LANGUAGE_STANDARD = "gnu++0x";
				CLANG_CXX_LIBRARY = "libc++";
				CLANG_ENABLE_MODULES = YES;
				CLANG_ENABLE_OBJC_ARC = YES;
				CLANG_WARN_BOOL_CONVERSION = YES;
				CLANG_WARN_CONSTANT_CONVERSION = YES;
				CLANG_WARN_DIRECT_OBJC_ISA_USAGE = YES_ERROR;
				CLANG_WARN_DOCUMENTATION_COMMENTS = YES;
				CLANG_WARN_EMPTY_BODY = YES;
				CLANG_WARN_ENUM_CONVERSION = YES;
				CLANG_WARN_INFINITE_RECURSION = YES;
				CLANG_WARN_INT_CONVERSION = YES;
				CLANG_WARN_OBJC_ROOT_CLASS = YES_ERROR;
				CLANG_WARN_SUSPICIOUS_MOVE = YES;
				CLANG_WARN_UNREACHABLE_CODE = YES;
				CLANG_WARN__DUPLICATE_METHOD_MATCH = YES;
				"CODE_SIGN_IDENTITY[sdk=iphoneos*]" = "iPhone Developer";
				COPY_PHASE_STRIP = NO;
				DEBUG_INFORMATION_FORMAT = dwarf;
				ENABLE_STRICT_OBJC_MSGSEND = YES;
				ENABLE_TESTABILITY = YES;
				GCC_C_LANGUAGE_STANDARD = gnu99;
				GCC_DYNAMIC_NO_PIC = NO;
				GCC_NO_COMMON_BLOCKS = YES;
				GCC_OPTIMIZATION_LEVEL = 0;
				GCC_PREPROCESSOR_DEFINITIONS = (
					"DEBUG=1",
					"$(inherited)",
				);
				GCC_WARN_64_TO_32_BIT_CONVERSION = YES;
				GCC_WARN_ABOUT_RETURN_TYPE = YES_ERROR;
				GCC_WARN_UNDECLARED_SELECTOR = YES;
				GCC_WARN_UNINITIALIZED_AUTOS = YES_AGGRESSIVE;
				GCC_WARN_UNUSED_FUNCTION = YES;
				GCC_WARN_UNUSED_VARIABLE = YES;
				IPHONEOS_DEPLOYMENT_TARGET = 10.3;
				MTL_ENABLE_DEBUG_INFO = YES;
				ONLY_ACTIVE_ARCH = YES;
				SDKROOT = iphoneos;
			};
			name = Debug;
		};
		4B262EC31EA74B2F0098F68F /* Release */ = {
			isa = XCBuildConfiguration;
			buildSettings = {
				ALWAYS_SEARCH_USER_PATHS = NO;
				CLANG_ANALYZER_NONNULL = YES;
				CLANG_ANALYZER_NUMBER_OBJECT_CONVERSION = YES_AGGRESSIVE;
				CLANG_CXX_LANGUAGE_STANDARD = "gnu++0x";
				CLANG_CXX_LIBRARY = "libc++";
				CLANG_ENABLE_MODULES = YES;
				CLANG_ENABLE_OBJC_ARC = YES;
				CLANG_WARN_BOOL_CONVERSION = YES;
				CLANG_WARN_CONSTANT_CONVERSION = YES;
				CLANG_WARN_DIRECT_OBJC_ISA_USAGE = YES_ERROR;
				CLANG_WARN_DOCUMENTATION_COMMENTS = YES;
				CLANG_WARN_EMPTY_BODY = YES;
				CLANG_WARN_ENUM_CONVERSION = YES;
				CLANG_WARN_INFINITE_RECURSION = YES;
				CLANG_WARN_INT_CONVERSION = YES;
				CLANG_WARN_OBJC_ROOT_CLASS = YES_ERROR;
				CLANG_WARN_SUSPICIOUS_MOVE = YES;
				CLANG_WARN_UNREACHABLE_CODE = YES;
				CLANG_WARN__DUPLICATE_METHOD_MATCH = YES;
				"CODE_SIGN_IDENTITY[sdk=iphoneos*]" = "iPhone Developer";
				COPY_PHASE_STRIP = NO;
				DEBUG_INFORMATION_FORMAT = "dwarf-with-dsym";
				ENABLE_NS_ASSERTIONS = NO;
				ENABLE_STRICT_OBJC_MSGSEND = YES;
				GCC_C_LANGUAGE_STANDARD = gnu99;
				GCC_NO_COMMON_BLOCKS = YES;
				GCC_WARN_64_TO_32_BIT_CONVERSION = YES;
				GCC_WARN_ABOUT_RETURN_TYPE = YES_ERROR;
				GCC_WARN_UNDECLARED_SELECTOR = YES;
				GCC_WARN_UNINITIALIZED_AUTOS = YES_AGGRESSIVE;
				GCC_WARN_UNUSED_FUNCTION = YES;
				GCC_WARN_UNUSED_VARIABLE = YES;
				IPHONEOS_DEPLOYMENT_TARGET = 10.3;
				MTL_ENABLE_DEBUG_INFO = NO;
				SDKROOT = iphoneos;
				VALIDATE_PRODUCT = YES;
			};
			name = Release;
		};
		4B262EC51EA74B2F0098F68F /* Debug */ = {
			isa = XCBuildConfiguration;
			buildSettings = {
				ASSETCATALOG_COMPILER_APPICON_NAME = AppIcon;
				DEVELOPMENT_TEAM = Y5LKNM9758;
				INFOPLIST_FILE = CloudExampleProject/Info.plist;
				LD_RUNPATH_SEARCH_PATHS = "$(inherited) @executable_path/Frameworks";
				PRODUCT_BUNDLE_IDENTIFIER = com.wyg.cloudfly.CloudExampleProject;
				PRODUCT_NAME = "$(TARGET_NAME)";
			};
			name = Debug;
		};
		4B262EC61EA74B2F0098F68F /* Release */ = {
			isa = XCBuildConfiguration;
			buildSettings = {
				ASSETCATALOG_COMPILER_APPICON_NAME = AppIcon;
				DEVELOPMENT_TEAM = Y5LKNM9758;
				INFOPLIST_FILE = CloudExampleProject/Info.plist;
				LD_RUNPATH_SEARCH_PATHS = "$(inherited) @executable_path/Frameworks";
				PRODUCT_BUNDLE_IDENTIFIER = com.wyg.cloudfly.CloudExampleProject;
				PRODUCT_NAME = "$(TARGET_NAME)";
			};
			name = Release;
		};
		4B262EC81EA74B2F0098F68F /* Debug */ = {
			isa = XCBuildConfiguration;
			buildSettings = {
				BUNDLE_LOADER = "$(TEST_HOST)";
				DEVELOPMENT_TEAM = Y5LKNM9758;
				INFOPLIST_FILE = CloudExampleProjectTests/Info.plist;
				LD_RUNPATH_SEARCH_PATHS = "$(inherited) @executable_path/Frameworks @loader_path/Frameworks";
				PRODUCT_BUNDLE_IDENTIFIER = com.wyg.cloudfly.CloudExampleProjectTests;
				PRODUCT_NAME = "$(TARGET_NAME)";
				TEST_HOST = "$(BUILT_PRODUCTS_DIR)/CloudExampleProject.app/CloudExampleProject";
			};
			name = Debug;
		};
		4B262EC91EA74B2F0098F68F /* Release */ = {
			isa = XCBuildConfiguration;
			buildSettings = {
				BUNDLE_LOADER = "$(TEST_HOST)";
				DEVELOPMENT_TEAM = Y5LKNM9758;
				INFOPLIST_FILE = CloudExampleProjectTests/Info.plist;
				LD_RUNPATH_SEARCH_PATHS = "$(inherited) @executable_path/Frameworks @loader_path/Frameworks";
				PRODUCT_BUNDLE_IDENTIFIER = com.wyg.cloudfly.CloudExampleProjectTests;
				PRODUCT_NAME = "$(TARGET_NAME)";
				TEST_HOST = "$(BUILT_PRODUCTS_DIR)/CloudExampleProject.app/CloudExampleProject";
			};
			name = Release;
		};
		4B262ECB1EA74B2F0098F68F /* Debug */ = {
			isa = XCBuildConfiguration;
			buildSettings = {
				DEVELOPMENT_TEAM = Y5LKNM9758;
				INFOPLIST_FILE = CloudExampleProjectUITests/Info.plist;
				LD_RUNPATH_SEARCH_PATHS = "$(inherited) @executable_path/Frameworks @loader_path/Frameworks";
				PRODUCT_BUNDLE_IDENTIFIER = com.wyg.cloudfly.CloudExampleProjectUITests;
				PRODUCT_NAME = "$(TARGET_NAME)";
				TEST_TARGET_NAME = CloudExampleProject;
			};
			name = Debug;
		};
		4B262ECC1EA74B2F0098F68F /* Release */ = {
			isa = XCBuildConfiguration;
			buildSettings = {
				DEVELOPMENT_TEAM = Y5LKNM9758;
				INFOPLIST_FILE = CloudExampleProjectUITests/Info.plist;
				LD_RUNPATH_SEARCH_PATHS = "$(inherited) @executable_path/Frameworks @loader_path/Frameworks";
				PRODUCT_BUNDLE_IDENTIFIER = com.wyg.cloudfly.CloudExampleProjectUITests;
				PRODUCT_NAME = "$(TARGET_NAME)";
				TEST_TARGET_NAME = CloudExampleProject;
			};
			name = Release;
		};
/* End XCBuildConfiguration section */

/* Begin XCConfigurationList section */
		4B262E921EA74B2F0098F68F /* Build configuration list for PBXProject "CloudExampleProject" */ = {
			isa = XCConfigurationList;
			buildConfigurations = (
				4B262EC21EA74B2F0098F68F /* Debug */,
				4B262EC31EA74B2F0098F68F /* Release */,
			);
			defaultConfigurationIsVisible = 0;
			defaultConfigurationName = Release;
		};
		4B262EC41EA74B2F0098F68F /* Build configuration list for PBXNativeTarget "CloudExampleProject" */ = {
			isa = XCConfigurationList;
			buildConfigurations = (
				4B262EC51EA74B2F0098F68F /* Debug */,
				4B262EC61EA74B2F0098F68F /* Release */,
			);
			defaultConfigurationIsVisible = 0;
		};
		4B262EC71EA74B2F0098F68F /* Build configuration list for PBXNativeTarget "CloudExampleProjectTests" */ = {
			isa = XCConfigurationList;
			buildConfigurations = (
				4B262EC81EA74B2F0098F68F /* Debug */,
				4B262EC91EA74B2F0098F68F /* Release */,
			);
			defaultConfigurationIsVisible = 0;
		};
		4B262ECA1EA74B2F0098F68F /* Build configuration list for PBXNativeTarget "CloudExampleProjectUITests" */ = {
			isa = XCConfigurationList;
			buildConfigurations = (
				4B262ECB1EA74B2F0098F68F /* Debug */,
				4B262ECC1EA74B2F0098F68F /* Release */,
			);
			defaultConfigurationIsVisible = 0;
		};
/* End XCConfigurationList section */
	};
	rootObject = 4B262E8F1EA74B2F0098F68F /* Project object */;
}
